
Microsoft Visual Studio Solution File, Format Version 12.00
# Visual Studio Version 16
VisualStudioVersion = 16.0.31019.35
MinimumVisualStudioVersion = 10.0.40219.1
Project("{FAE04EC0-301F-11D3-BF4B-00C04F79EFBC}") = "Cryptov2WebApp", "Cryptov2WebApp\Cryptov2WebApp.csproj", "{D0D4F6D2-4562-4822-B090-4CD1E2B0FC66}"
EndProject
Global
	GlobalSection(SolutionConfigurationPlatforms) = preSolution
		Debug|Any CPU = Debug|Any CPU
		Release|Any CPU = Release|Any CPU
	EndGlobalSection
	GlobalSection(ProjectConfigurationPlatforms) = postSolution
		{D0D4F6D2-4562-4822-B090-4CD1E2B0FC66}.Debug|Any CPU.ActiveCfg = Debug|Any CPU
		{D0D4F6D2-4562-4822-B090-4CD1E2B0FC66}.Debug|Any CPU.Build.0 = Debug|Any CPU
		{D0D4F6D2-4562-4822-B090-4CD1E2B0FC66}.Release|Any CPU.ActiveCfg = Release|Any CPU
		{D0D4F6D2-4562-4822-B090-4CD1E2B0FC66}.Release|Any CPU.Build.0 = Release|Any CPU
	EndGlobalSection
	GlobalSection(SolutionProperties) = preSolution
		HideSolutionNode = FALSE
	EndGlobalSection
	GlobalSection(ExtensibilityGlobals) = postSolution
		SolutionGuid = {39D9AFAA-17D7-4A64-B18A-E40CCC1FBDCC}
	EndGlobalSection
EndGlobal
